# Snapshot of Arch official repo versions for depends + makedepends of voicevox-engine-cuda.
# Auto-generated and updated by .github/workflows/dep-version-pr.yml.
# Source: pkgs/voicevox-engine-cuda/.SRCINFO (depends + makedepends entries).
# Format: 1 line per package: <name>=<full-version>

7zip=26.02-1
autoconf=2.73-1
automake=1.18.1-1
cython=3.2.8-1
gcc=16.1.1+r346+g4e03491b401d-1
make=4.4.1-3
nvidia-utils=610.43.02-3
python=3.14.6-1
python-build=1.4.3-1
python-fastapi=0.139.0-1
python-importlib-metadata=9.0.0-1
python-installer=1.0.0-1
python-jaraco.text=4.0.0-4
python-jinja=1:3.1.6-3
python-markupsafe=3.0.3-1
python-numpy=2.5.1-1
python-pip=26.1.2-1
python-platformdirs=4.10.0-1
python-pydantic=2.13.4-1
python-pydantic-core=3:2.46.4-1
python-python-multipart=0.0.32-1
python-semver=3.0.4-2
python-setuptools=1:83.0.0-1
python-soundfile=0.14.0-1
python-soxr=1.1.0-2
python-wheel=0.47.0-1
python-yaml=6.0.3-2
