# Snapshot of Arch official repo versions for depends + makedepends of python-cyclopts.
# Auto-generated and updated by .github/workflows/dep-version-pr.yml.
# Source: pkgs/python-cyclopts/.SRCINFO (depends + makedepends entries).
# Format: 1 line per package: <name>=<full-version>

# MISSING (not in Arch official repo, likely AUR-only or virtual): python-docstring-parser
# MISSING (not in Arch official repo, likely AUR-only or virtual): python-rich-rst
python=3.14.5-1
python-attrs=26.1.0-1
python-build=1.4.3-1
python-hatch-vcs=0.5.0-4
python-hatchling=1.30.1-1
python-installer=1.0.0-1
python-rich=15.0.0-1
python-wheel=0.47.0-1
