# Snapshot of Arch official repo versions for depends + makedepends of antigravity-cli.
# Auto-generated and updated by .github/workflows/dep-version-pr.yml.
# Source: pkgs/antigravity-cli/.SRCINFO (depends + makedepends entries).
# Format: 1 line per package: <name>=<full-version>

glibc=2.44+r24+g16be1518495f-1
