# Snapshot of Arch official repo versions for depends + makedepends of aria-bin.
# Auto-generated and updated by .github/workflows/dep-version-pr.yml.
# Source: pkgs/aria-bin/.SRCINFO (depends + makedepends entries).
# Format: 1 line per package: <name>=<full-version>

gtk3=1:3.24.52-1
gst-plugins-base-libs=1.28.5-1
libsecret=0.21.7-1
