# Snapshot of Arch official repo versions for depends + makedepends of voicevox-bin.
# Auto-generated and updated by .github/workflows/dep-version-pr.yml.
# Source: pkgs/voicevox-bin/.SRCINFO (depends + makedepends entries).
# Format: 1 line per package: <name>=<full-version>

7zip=26.01-1
bash=5.3.12-1
electron37=37.5.1-1
