# Snapshot of Arch official repo versions for depends + makedepends of pass-secret-service.
# Auto-generated and updated by .github/workflows/dep-version-pr.yml.
# Source: pkgs/pass-secret-service/.SRCINFO (depends + makedepends entries).
# Format: 1 line per package: <name>=<full-version>

# MISSING (not in Arch official repo, likely AUR-only or virtual): cargo
dbus=1.16.2-1
gcc-libs=16.1.1+r346+g4e03491b401d-1
glibc=2.43+r37+gfdf10644d6ee-1
pass=1.7.4-7
