# Snapshot of Arch official repo versions for depends + makedepends of nqptp.
# Auto-generated and updated by .github/workflows/dep-version-pr.yml.
# Source: pkgs/nqptp/.SRCINFO (depends + makedepends entries).
# Format: 1 line per package: <name>=<full-version>

autoconf=2.73-1
automake=1.18.1-1
glibc=2.43+r37+gfdf10644d6ee-1
libtool=2.6.1-2
pkgconf=2.5.1-1
