# Snapshot of Arch official repo versions for depends + makedepends of pam_pkcs11.
# Auto-generated and updated by .github/workflows/dep-version-pr.yml.
# Source: pkgs/pam_pkcs11/.SRCINFO (depends + makedepends entries).
# Format: 1 line per package: <name>=<full-version>

autoconf=2.73-1
automake=1.18.1-1
libtool=2.6.1-1
openssl=3.6.3-1
pcsclite=2.5.1-1
pkgconf=2.5.1-1
