# Snapshot of Arch official repo versions for depends + makedepends of python-py-key-value-aio.
# Auto-generated and updated by .github/workflows/dep-version-pr.yml.
# Source: pkgs/python-py-key-value-aio/.SRCINFO (depends + makedepends entries).
# Format: 1 line per package: <name>=<full-version>

python=3.14.6-1
python-build=1.4.3-1
# MISSING (not in Arch official repo, likely AUR-only or virtual): python-beartype
python-cachetools=7.1.5-1
python-installer=1.0.0-1
python-typing_extensions=4.16.0-1
python-uv-build=0.11.31-2
python-wheel=0.47.0-1
