# Snapshot of Arch official repo versions for depends + makedepends of icecast.
# Auto-generated and updated by .github/workflows/dep-version-pr.yml.
# Source: pkgs/icecast/.SRCINFO (depends + makedepends entries).
# Format: 1 line per package: <name>=<full-version>

# MISSING libigloo  -- nekono repo package (not in Arch official repos)
autoconf=2.73-1
automake=1.18.1-1
curl=8.21.0-1
glibc=2.43+r37+gfdf10644d6ee-1
libogg=1.3.6-1
libtheora=1.2.0-1
libtool=2.6.1-2
libvorbis=1.3.7-4
libxml2=2.15.3-1
libxslt=1.1.45-2
openssl=3.6.3-1
rhash=1.4.6-1
speex=1.2.1-2
