# Snapshot of Arch official repo versions for depends + makedepends of python-jsonschema-path.
# Auto-generated and updated by .github/workflows/dep-version-pr.yml.
# Source: pkgs/python-jsonschema-path/.SRCINFO (depends + makedepends entries).
# Format: 1 line per package: <name>=<full-version>

python=3.14.5-1
python-build=1.4.3-1
python-installer=1.0.0-1
python-pathable=0.6.0-1
python-poetry-core=2.4.0-1
python-referencing=0.37.0-3
python-wheel=0.47.0-1
python-yaml=6.0.3-2
