# Snapshot of Arch official repo versions for depends + makedepends of okaguchi-lawyer-dicterm.
# Auto-generated and updated by .github/workflows/dep-version-pr.yml.
# Source: pkgs/okaguchi-lawyer-dicterm/.SRCINFO (depends + makedepends entries).
# Format: 1 line per package: <name>=<full-version>

protobuf=35.0-2
python=3.14.6-1
python-protobuf=35.0-2
